
Microsoft Visual Studio Solution File, Format Version 12.00
# Visual Studio Version 17
VisualStudioVersion = 17.12.35521.163
MinimumVisualStudioVersion = 10.0.40219.1
Project("{FAE04EC0-301F-11D3-BF4B-00C04F79EFBC}") = "Parichko", "Parichko\Parichko.csproj", "{D4524344-B520-47DE-A777-B9501998F287}"
EndProject
Project("{FAE04EC0-301F-11D3-BF4B-00C04F79EFBC}") = "DataAccess", "DataAccess\DataAccess.csproj", "{8AB6E17F-70DF-41C6-866D-510B680F73A4}"
EndProject
Global
	GlobalSection(SolutionConfigurationPlatforms) = preSolution
		Debug|Any CPU = Debug|Any CPU
		Release|Any CPU = Release|Any CPU
	EndGlobalSection
	GlobalSection(ProjectConfigurationPlatforms) = postSolution
		{D4524344-B520-47DE-A777-B9501998F287}.Debug|Any CPU.ActiveCfg = Debug|Any CPU
		{D4524344-B520-47DE-A777-B9501998F287}.Debug|Any CPU.Build.0 = Debug|Any CPU
		{D4524344-B520-47DE-A777-B9501998F287}.Debug|Any CPU.Deploy.0 = Debug|Any CPU
		{D4524344-B520-47DE-A777-B9501998F287}.Release|Any CPU.ActiveCfg = Release|Any CPU
		{D4524344-B520-47DE-A777-B9501998F287}.Release|Any CPU.Build.0 = Release|Any CPU
		{D4524344-B520-47DE-A777-B9501998F287}.Release|Any CPU.Deploy.0 = Release|Any CPU
		{8AB6E17F-70DF-41C6-866D-510B680F73A4}.Debug|Any CPU.ActiveCfg = Debug|Any CPU
		{8AB6E17F-70DF-41C6-866D-510B680F73A4}.Debug|Any CPU.Build.0 = Debug|Any CPU
		{8AB6E17F-70DF-41C6-866D-510B680F73A4}.Release|Any CPU.ActiveCfg = Release|Any CPU
		{8AB6E17F-70DF-41C6-866D-510B680F73A4}.Release|Any CPU.Build.0 = Release|Any CPU
	EndGlobalSection
	GlobalSection(SolutionProperties) = preSolution
		HideSolutionNode = FALSE
	EndGlobalSection
EndGlobal
